<?xml version="1.0" encoding="utf-8"?>
<Project ToolsVersion="4.0" xmlns="http://schemas.microsoft.com/developer/msbuild/2003">
  <ItemGroup>
    <Filter Include="Source Files">
      <UniqueIdentifier>{4FC737F1-C7A5-4376-A066-2A32D752A2FF}</UniqueIdentifier>
      <Extensions>cpp;c;cc;cxx;def;odl;idl;hpj;bat;asm;asmx</Extensions>
    </Filter>
    <Filter Include="Header Files">
      <UniqueIdentifier>{93995380-89BD-4b04-88EB-625FBE52EBFB}</UniqueIdentifier>
      <Extensions>h;hpp;hxx;hm;inl;inc;xsd</Extensions>
    </Filter>
    <Filter Include="Resource Files">
      <UniqueIdentifier>{67DA6AB6-F800-4c08-8B7A-83BB121AAD01}</UniqueIdentifier>
      <Extensions>rc;ico;cur;bmp;dlg;rc2;rct;bin;rgs;gif;jpg;jpeg;jpe;resx;tiff;tif;png;wav</Extensions>
    </Filter>
    <Filter Include="Html">
      <UniqueIdentifier>{346c8207-f8c2-4447-8edd-727f22f945ac}</UniqueIdentifier>
    </Filter>
  </ItemGroup>
  <ItemGroup>
    <ClCompile Include="AdVisuo.cpp">
      <Filter>Source Files</Filter>
    </ClCompile>
    <ClCompile Include="AdVisuoDoc.cpp">
      <Filter>Source Files</Filter>
    </ClCompile>
    <ClCompile Include="AdVisuoView.cpp">
      <Filter>Source Files</Filter>
    </ClCompile>
    <ClCompile Include="Block.cpp">
      <Filter>Source Files</Filter>
    </ClCompile>
    <ClCompile Include="ChildFrm.cpp">
      <Filter>Source Files</Filter>
    </ClCompile>
    <ClCompile Include="MainFrm.cpp">
      <Filter>Source Files</Filter>
    </ClCompile>
    <ClCompile Include="OutputWnd.cpp">
      <Filter>Source Files</Filter>
    </ClCompile>
    <ClCompile Include="stdafx.cpp">
      <Filter>Source Files</Filter>
    </ClCompile>
    <ClCompile Include="xmlrequest.cpp">
      <Filter>Source Files</Filter>
    </ClCompile>
    <ClCompile Include="Camera.cpp">
      <Filter>Source Files</Filter>
    </ClCompile>
    <ClCompile Include="Screen.cpp">
      <Filter>Source Files</Filter>
    </ClCompile>
    <ClCompile Include="Sprite.cpp">
      <Filter>Source Files</Filter>
    </ClCompile>
    <ClCompile Include="HUD.cpp">
      <Filter>Source Files</Filter>
    </ClCompile>
    <ClCompile Include="..\CommonFiles\DBTools.cpp">
      <Filter>Source Files</Filter>
    </ClCompile>
    <ClCompile Include="..\CommonFiles\XMLTools.cpp">
      <Filter>Source Files</Filter>
    </ClCompile>
    <ClCompile Include="Script.cpp">
      <Filter>Source Files</Filter>
    </ClCompile>
    <ClCompile Include="VisPassenger.cpp">
      <Filter>Source Files</Filter>
    </ClCompile>
    <ClCompile Include="VisLift.cpp">
      <Filter>Source Files</Filter>
    </ClCompile>
    <ClCompile Include="VisProject.cpp">
      <Filter>Source Files</Filter>
    </ClCompile>
    <ClCompile Include="VisSim.cpp">
      <Filter>Source Files</Filter>
    </ClCompile>
    <ClCompile Include="..\CommonFiles\ConstrProject.cpp">
      <Filter>Source Files</Filter>
    </ClCompile>
    <ClCompile Include="AdVisuoRenderer.cpp">
      <Filter>Source Files</Filter>
    </ClCompile>
    <ClCompile Include="..\CommonFiles\BaseProject.cpp">
      <Filter>Source Files</Filter>
    </ClCompile>
    <ClCompile Include="..\CommonFiles\BaseSimClasses.cpp">
      <Filter>Source Files</Filter>
    </ClCompile>
    <ClCompile Include="VisLiftGroup.cpp">
      <Filter>Source Files</Filter>
    </ClCompile>
    <ClCompile Include="..\CommonFiles\BaseLiftGroup.cpp">
      <Filter>Source Files</Filter>
    </ClCompile>
    <ClCompile Include="..\CommonFiles\ConstrLiftGroup.cpp">
      <Filter>Source Files</Filter>
    </ClCompile>
    <ClCompile Include="Engine.cpp">
      <Filter>Source Files</Filter>
    </ClCompile>
    <ClCompile Include="VisElem.cpp">
      <Filter>Source Files</Filter>
    </ClCompile>
    <ClCompile Include="DlgVideo.cpp">
      <Filter>Source Files</Filter>
    </ClCompile>
    <ClCompile Include="DlgMat.cpp">
      <Filter>Source Files</Filter>
    </ClCompile>
    <ClCompile Include="DlgScript.cpp">
      <Filter>Source Files</Filter>
    </ClCompile>
    <ClCompile Include="RibbonScenarioButton.cpp">
      <Filter>Source Files</Filter>
    </ClCompile>
    <ClCompile Include="DlgHtBase.cpp">
      <Filter>Source Files</Filter>
    </ClCompile>
    <ClCompile Include="DlgHtLogin.cpp">
      <Filter>Source Files</Filter>
    </ClCompile>
    <ClCompile Include="DlgHtAbout.cpp">
      <Filter>Source Files</Filter>
    </ClCompile>
    <ClCompile Include="_base.cpp">
      <Filter>Source Files</Filter>
    </ClCompile>
    <ClCompile Include="DlgHtSelect.cpp">
      <Filter>Source Files</Filter>
    </ClCompile>
    <ClCompile Include="DlgHtRepBug.cpp">
      <Filter>Source Files</Filter>
    </ClCompile>
  </ItemGroup>
  <ItemGroup>
    <ClInclude Include="AdVisuo.h">
      <Filter>Header Files</Filter>
    </ClInclude>
    <ClInclude Include="AdVisuoDoc.h">
      <Filter>Header Files</Filter>
    </ClInclude>
    <ClInclude Include="AdVisuoView.h">
      <Filter>Header Files</Filter>
    </ClInclude>
    <ClInclude Include="..\CommonFiles\Box.h">
      <Filter>Header Files</Filter>
    </ClInclude>
    <ClInclude Include="ChildFrm.h">
      <Filter>Header Files</Filter>
    </ClInclude>
    <ClInclude Include="MainFrm.h">
      <Filter>Header Files</Filter>
    </ClInclude>
    <ClInclude Include="OutputWnd.h">
      <Filter>Header Files</Filter>
    </ClInclude>
    <ClInclude Include="Resource.h">
      <Filter>Header Files</Filter>
    </ClInclude>
    <ClInclude Include="stdafx.h">
      <Filter>Header Files</Filter>
    </ClInclude>
    <ClInclude Include="targetver.h">
      <Filter>Header Files</Filter>
    </ClInclude>
    <ClInclude Include="..\CommonFiles\Vector.h">
      <Filter>Header Files</Filter>
    </ClInclude>
    <ClInclude Include="xmlrequest.h">
      <Filter>Header Files</Filter>
    </ClInclude>
    <ClInclude Include="Camera.h">
      <Filter>Header Files</Filter>
    </ClInclude>
    <ClInclude Include="Screen.h">
      <Filter>Header Files</Filter>
    </ClInclude>
    <ClInclude Include="Sprite.h">
      <Filter>Header Files</Filter>
    </ClInclude>
    <ClInclude Include="HUD.h">
      <Filter>Header Files</Filter>
    </ClInclude>
    <ClInclude Include="..\CommonFiles\DBTools.h">
      <Filter>Header Files</Filter>
    </ClInclude>
    <ClInclude Include="..\CommonFiles\XMLTools.h">
      <Filter>Header Files</Filter>
    </ClInclude>
    <ClInclude Include="Script.h">
      <Filter>Header Files</Filter>
    </ClInclude>
    <ClInclude Include="VisSim.h">
      <Filter>Header Files</Filter>
    </ClInclude>
    <ClInclude Include="VisProject.h">
      <Filter>Header Files</Filter>
    </ClInclude>
    <ClInclude Include="VisLift.h">
      <Filter>Header Files</Filter>
    </ClInclude>
    <ClInclude Include="VisPassenger.h">
      <Filter>Header Files</Filter>
    </ClInclude>
    <ClInclude Include="..\CommonFiles\ConstrProject.h">
      <Filter>Header Files</Filter>
    </ClInclude>
    <ClInclude Include="AdVisuoRenderer.h">
      <Filter>Header Files</Filter>
    </ClInclude>
    <ClInclude Include="..\CommonFiles\BaseProject.h">
      <Filter>Header Files</Filter>
    </ClInclude>
    <ClInclude Include="..\CommonFiles\BaseSimClasses.h">
      <Filter>Header Files</Filter>
    </ClInclude>
    <ClInclude Include="VisLiftGroup.h">
      <Filter>Header Files</Filter>
    </ClInclude>
    <ClInclude Include="..\CommonFiles\BaseLiftGroup.h">
      <Filter>Header Files</Filter>
    </ClInclude>
    <ClInclude Include="..\CommonFiles\ConstrLiftGroup.h">
      <Filter>Header Files</Filter>
    </ClInclude>
    <ClInclude Include="Engine.h">
      <Filter>Header Files</Filter>
    </ClInclude>
    <ClInclude Include="VisElem.h">
      <Filter>Header Files</Filter>
    </ClInclude>
    <ClInclude Include="DlgVideo.h">
      <Filter>Header Files</Filter>
    </ClInclude>
    <ClInclude Include="DlgMat.h">
      <Filter>Header Files</Filter>
    </ClInclude>
    <ClInclude Include="DlgScript.h">
      <Filter>Header Files</Filter>
    </ClInclude>
    <ClInclude Include="Block.h">
      <Filter>Header Files</Filter>
    </ClInclude>
    <ClInclude Include="_base.h">
      <Filter>Header Files</Filter>
    </ClInclude>
    <ClInclude Include="RibbonScenarioButton.h">
      <Filter>Header Files</Filter>
    </ClInclude>
    <ClInclude Include="DlgHtBase.h">
      <Filter>Header Files</Filter>
    </ClInclude>
    <ClInclude Include="DlgHtLogin.h">
      <Filter>Header Files</Filter>
    </ClInclude>
    <ClInclude Include="DlgHtAbout.h">
      <Filter>Header Files</Filter>
    </ClInclude>
    <ClInclude Include="DlgHtSelect.h">
      <Filter>Header Files</Filter>
    </ClInclude>
    <ClInclude Include="DlgHtRepBug.h">
      <Filter>Header Files</Filter>
    </ClInclude>
  </ItemGroup>
  <ItemGroup>
    <None Include="res\AdVisuo.ico">
      <Filter>Resource Files</Filter>
    </None>
    <None Include="res\AdVisuo.rc2">
      <Filter>Resource Files</Filter>
    </None>
    <None Include="res\AdVisuoDoc.ico">
      <Filter>Resource Files</Filter>
    </None>
    <None Include="res\bitmap1.bmp">
      <Filter>Resource Files</Filter>
    </None>
    <None Include="res\bitmap2.bmp">
      <Filter>Resource Files</Filter>
    </None>
    <None Include="res\buttons.bmp">
      <Filter>Resource Files</Filter>
    </None>
    <None Include="res\camera.bmp">
      <Filter>Resource Files</Filter>
    </None>
    <None Include="res\cameralarge.bmp">
      <Filter>Resource Files</Filter>
    </None>
    <None Include="res\camerasm.bmp">
      <Filter>Resource Files</Filter>
    </None>
    <None Include="res\filelarge.bmp">
      <Filter>Resource Files</Filter>
    </None>
    <None Include="res\filesmall.bmp">
      <Filter>Resource Files</Filter>
    </None>
    <None Include="res\main.bmp">
      <Filter>Resource Files</Filter>
    </None>
    <None Include="res\output_wnd.ico">
      <Filter>Resource Files</Filter>
    </None>
    <None Include="res\output_wnd_hc.ico">
      <Filter>Resource Files</Filter>
    </None>
    <None Include="res\Toolbar.bmp">
      <Filter>Resource Files</Filter>
    </None>
    <None Include="res\Toolbar256.bmp">
      <Filter>Resource Files</Filter>
    </None>
    <None Include="res\writelarge.bmp">
      <Filter>Resource Files</Filter>
    </None>
    <None Include="res\writesmall.bmp">
      <Filter>Resource Files</Filter>
    </None>
    <None Include="AdVisuo.reg" />
    <None Include="res\ribbon1.mfcribbon-ms">
      <Filter>Resource Files</Filter>
    </None>
    <None Include="res\bmp00001.bmp">
      <Filter>Resource Files</Filter>
    </None>
    <None Include="res\dupa2.bmp">
      <Filter>Resource Files</Filter>
    </None>
    <None Include="res\dupa1.bmp">
      <Filter>Resource Files</Filter>
    </None>
    <None Include="res\bitmap3.bmp">
      <Filter>Resource Files</Filter>
    </None>
    <None Include="res\logo3.bmp">
      <Filter>Resource Files</Filter>
    </None>
    <None Include="res\logo2.bmp">
      <Filter>Resource Files</Filter>
    </None>
    <None Include="html\Default.css">
      <Filter>Html</Filter>
    </None>
    <None Include="html\login.html">
      <Filter>Html</Filter>
    </None>
    <None Include="html\bg-login-header.png">
      <Filter>Resource Files</Filter>
    </None>
    <None Include="html\bg-login-form.png">
      <Filter>Resource Files</Filter>
    </None>
    <None Include="html\btn-login.png">
      <Filter>Resource Files</Filter>
    </None>
    <None Include="html\splash1.png">
      <Filter>Resource Files</Filter>
    </None>
    <None Include="html\splash2.png">
      <Filter>Resource Files</Filter>
    </None>
    <None Include="html\connection.png">
      <Filter>Resource Files</Filter>
    </None>
    <None Include="html\button.png">
      <Filter>Resource Files</Filter>
    </None>
    <None Include="html\splash.html">
      <Filter>Html</Filter>
    </None>
    <None Include="html\html_png.png">
      <Filter>Resource Files</Filter>
    </None>
    <None Include="html\splash3.png">
      <Filter>Resource Files</Filter>
    </None>
    <None Include="..\AdVisuo Setup\uninstall.vbs" />
    <None Include="mesh\buffer.mesh">
      <Filter>Resource Files</Filter>
    </None>
    <None Include="html\select2.xslt">
      <Filter>Resource Files</Filter>
    </None>
    <None Include="mesh\cwt.mesh">
      <Filter>Resource Files</Filter>
    </None>
    <None Include="mesh\ladder.mesh">
      <Filter>Resource Files</Filter>
    </None>
    <None Include="mesh\light.mesh">
      <Filter>Resource Files</Filter>
    </None>
    <None Include="mesh\machine138.mesh">
      <Filter>Resource Files</Filter>
    </None>
    <None Include="mesh\machine30t.mesh">
      <Filter>Resource Files</Filter>
    </None>
    <None Include="mesh\machine40t.mesh">
      <Filter>Resource Files</Filter>
    </None>
    <None Include="mesh\machine70t.mesh">
      <Filter>Resource Files</Filter>
    </None>
    <None Include="mesh\overspeed.mesh">
      <Filter>Resource Files</Filter>
    </None>
    <None Include="mesh\panel1000.mesh">
      <Filter>Resource Files</Filter>
    </None>
    <None Include="mesh\panel1250.mesh">
      <Filter>Resource Files</Filter>
    </None>
    <None Include="mesh\panel1500.mesh">
      <Filter>Resource Files</Filter>
    </None>
    <None Include="mesh\panel1600.mesh">
      <Filter>Resource Files</Filter>
    </None>
    <None Include="mesh\panel1700.mesh">
      <Filter>Resource Files</Filter>
    </None>
    <None Include="mesh\panel700.mesh">
      <Filter>Resource Files</Filter>
    </None>
    <None Include="mesh\pulley.mesh">
      <Filter>Resource Files</Filter>
    </None>
    <None Include="mesh\rail.mesh">
      <Filter>Resource Files</Filter>
    </None>
    <None Include="html\rep.html">
      <Filter>Resource Files</Filter>
    </None>
    <None Include="html\select.html">
      <Filter>Resource Files</Filter>
    </None>
    <None Include="html\select.xslt">
      <Filter>Resource Files</Filter>
    </None>
    <None Include="html\about.html">
      <Filter>Resource Files</Filter>
    </None>
  </ItemGroup>
  <ItemGroup>
    <ResourceCompile Include="AdVisuo.rc">
      <Filter>Resource Files</Filter>
    </ResourceCompile>
  </ItemGroup>
</Project>